
Microsoft Visual Studio Solution File, Format Version 12.00
# Visual Studio Version 17
VisualStudioVersion = 17.1.32414.318
MinimumVisualStudioVersion = 10.0.40219.1
Project("{FAE04EC0-301F-11D3-BF4B-00C04F79EFBC}") = "Hands-on (ch-13)", "Hands-on (ch-13)\Hands-on (ch-13).csproj", "{071D3934-AC18-48F6-A3B0-C1FDBCAC98A3}"
EndProject
Global
	GlobalSection(SolutionConfigurationPlatforms) = preSolution
		Debug|Any CPU = Debug|Any CPU
		Release|Any CPU = Release|Any CPU
	EndGlobalSection
	GlobalSection(ProjectConfigurationPlatforms) = postSolution
		{071D3934-AC18-48F6-A3B0-C1FDBCAC98A3}.Debug|Any CPU.ActiveCfg = Debug|Any CPU
		{071D3934-AC18-48F6-A3B0-C1FDBCAC98A3}.Debug|Any CPU.Build.0 = Debug|Any CPU
		{071D3934-AC18-48F6-A3B0-C1FDBCAC98A3}.Release|Any CPU.ActiveCfg = Release|Any CPU
		{071D3934-AC18-48F6-A3B0-C1FDBCAC98A3}.Release|Any CPU.Build.0 = Release|Any CPU
	EndGlobalSection
	GlobalSection(SolutionProperties) = preSolution
		HideSolutionNode = FALSE
	EndGlobalSection
	GlobalSection(ExtensibilityGlobals) = postSolution
		SolutionGuid = {5897D7C2-90C0-4397-9472-5C52A37CB3B3}
	EndGlobalSection
EndGlobal
